
Microsoft Visual Studio Solution File, Format Version 12.00
# Visual Studio Version 17
VisualStudioVersion = 17.2.32630.192
MinimumVisualStudioVersion = 10.0.40219.1
Project("{FAE04EC0-301F-11D3-BF4B-00C04F79EFBC}") = "ex_parachutes", "ex_parachutes\ex_parachutes.csproj", "{DF72AC33-B6B4-4B5F-AF3D-4F5BA84918C3}"
EndProject
Global
	GlobalSection(SolutionConfigurationPlatforms) = preSolution
		Debug|Any CPU = Debug|Any CPU
		Release|Any CPU = Release|Any CPU
	EndGlobalSection
	GlobalSection(ProjectConfigurationPlatforms) = postSolution
		{DF72AC33-B6B4-4B5F-AF3D-4F5BA84918C3}.Debug|Any CPU.ActiveCfg = Debug|Any CPU
		{DF72AC33-B6B4-4B5F-AF3D-4F5BA84918C3}.Debug|Any CPU.Build.0 = Debug|Any CPU
		{DF72AC33-B6B4-4B5F-AF3D-4F5BA84918C3}.Release|Any CPU.ActiveCfg = Release|Any CPU
		{DF72AC33-B6B4-4B5F-AF3D-4F5BA84918C3}.Release|Any CPU.Build.0 = Release|Any CPU
	EndGlobalSection
	GlobalSection(SolutionProperties) = preSolution
		HideSolutionNode = FALSE
	EndGlobalSection
	GlobalSection(ExtensibilityGlobals) = postSolution
		SolutionGuid = {396079A4-562B-40B3-BF8E-56EF4E4F3532}
	EndGlobalSection
EndGlobal
